
Microsoft Visual Studio Solution File, Format Version 11.00
# Visual Studio 2010
Project("{FAE04EC0-301F-11D3-BF4B-00C04F79EFBC}") = "Assembly-CSharp", "Assembly-CSharp.csproj", "{9197fe16-fc50-8095-b602-260f47abe923}"
EndProject
Project("{FAE04EC0-301F-11D3-BF4B-00C04F79EFBC}") = "Assembly-CSharp-Editor", "Assembly-CSharp-Editor.csproj", "{773eb88d-6b52-bce9-e1c7-5cbc285fe9f2}"
EndProject
Global
	GlobalSection(SolutionConfigurationPlatforms) = preSolution
		Debug|Any CPU = Debug|Any CPU
		Release|Any CPU = Release|Any CPU
	EndGlobalSection
	GlobalSection(ProjectConfigurationPlatforms) = postSolution
		{9197fe16-fc50-8095-b602-260f47abe923}.Debug|Any CPU.ActiveCfg = Debug|Any CPU
		{9197fe16-fc50-8095-b602-260f47abe923}.Debug|Any CPU.Build.0 = Debug|Any CPU
		{9197fe16-fc50-8095-b602-260f47abe923}.Release|Any CPU.ActiveCfg = Release|Any CPU
		{9197fe16-fc50-8095-b602-260f47abe923}.Release|Any CPU.Build.0 = Release|Any CPU
		{773eb88d-6b52-bce9-e1c7-5cbc285fe9f2}.Debug|Any CPU.ActiveCfg = Debug|Any CPU
		{773eb88d-6b52-bce9-e1c7-5cbc285fe9f2}.Debug|Any CPU.Build.0 = Debug|Any CPU
		{773eb88d-6b52-bce9-e1c7-5cbc285fe9f2}.Release|Any CPU.ActiveCfg = Release|Any CPU
		{773eb88d-6b52-bce9-e1c7-5cbc285fe9f2}.Release|Any CPU.Build.0 = Release|Any CPU
	EndGlobalSection
	GlobalSection(SolutionProperties) = preSolution
		HideSolutionNode = FALSE
	EndGlobalSection
EndGlobal
